
Microsoft Visual Studio Solution File, Format Version 12.00
# Visual Studio 15
VisualStudioVersion = 15.0.27130.2010
MinimumVisualStudioVersion = 10.0.40219.1
Project("{FAE04EC0-301F-11D3-BF4B-00C04F79EFBC}") = "Wallet", "Wallet\Wallet.csproj", "{34EFE403-B0E1-46F0-A45C-D662A7FFBDCE}"
EndProject
Global
	GlobalSection(SolutionConfigurationPlatforms) = preSolution
		Debug|Any CPU = Debug|Any CPU
		Release|Any CPU = Release|Any CPU
	EndGlobalSection
	GlobalSection(ProjectConfigurationPlatforms) = postSolution
		{34EFE403-B0E1-46F0-A45C-D662A7FFBDCE}.Debug|Any CPU.ActiveCfg = Debug|Any CPU
		{34EFE403-B0E1-46F0-A45C-D662A7FFBDCE}.Debug|Any CPU.Build.0 = Debug|Any CPU
		{34EFE403-B0E1-46F0-A45C-D662A7FFBDCE}.Release|Any CPU.ActiveCfg = Release|Any CPU
		{34EFE403-B0E1-46F0-A45C-D662A7FFBDCE}.Release|Any CPU.Build.0 = Release|Any CPU
	EndGlobalSection
	GlobalSection(SolutionProperties) = preSolution
		HideSolutionNode = FALSE
	EndGlobalSection
	GlobalSection(ExtensibilityGlobals) = postSolution
		SolutionGuid = {4C08E41D-32BD-49EA-B8C0-4F2507FD1129}
	EndGlobalSection
EndGlobal
